hash: 9737258b7175b63e769028a99bbdba67a7197249c712e1cfdf01e1c28cf7f421
updated: 2018-03-02T22:21:02.962871152+08:00
imports:
- name: github.com/aliyun/aliyun-oss-go-sdk
  version: 52de7239022ceba47354832fbcc65983aa8d019d
  subpackages:
  - oss
- name: github.com/aws/aws-sdk-go
  version: aace5875a5c3b85a3902c6d72b9caed301d64cce
  subpackages:
  - aws
  - aws/credentials
  - aws/session
  - service/s3
- name: github.com/coreos/bbolt
  version: 48ea1b39c25fc1bab3506fbc712ecbaa842c4d2d
- name: github.com/golang/protobuf
  version: 130e6b02ab059e7b717a096f397c5b60111cae74
  subpackages:
  - proto
- name: github.com/inconshreveable/mousetrap
  version: 76626ae9c91c4f2a10f34cad8ce83ea42c93bb75
- name: github.com/pengsrc/go-shared
  version: b98065a377794d577e2a0e32869378b9ce4b8952
  subpackages:
  - buffer
  - check
  - convert
  - log
  - pid
  - reopen
- name: github.com/qiniu/api.v6
  version: 68a2bc2dbc7f4f1ba0fe5573a69cf003f3f32a54
  subpackages:
  - auth/digest
  - conf
  - rs
  - rsf
- name: github.com/sirupsen/logrus
  version: d682213848ed68c0a260ca37d6dd5ace8423f5ba
- name: github.com/spf13/cobra
  version: 7b2c5ac9fc04fc5efafb60700713d4fa609b777b
- name: github.com/spf13/pflag
  version: e57e3eeb33f795204c1ca35f56c44f83227c6e66
- name: github.com/upyun/go-sdk
  version: a71208d1155d6de85b8e80b480634957695db963
  subpackages:
  - upyun
- name: github.com/vmihailenco/msgpack
  version: b83fb55e0632418103602b3b23851cabc5d11762
  subpackages:
  - codes
- name: github.com/yunify/qingstor-sdk-go
  version: 51fa3b6bb3c24f4d646eefff251cd2e6ba716600
  subpackages:
  - config
  - logger
  - request
  - request/builder
  - request/data
  - request/errors
  - request/signer
  - request/unpacker
  - service
  - utils
- name: golang.org/x/crypto
  version: bd6f299fb381e4c3393d1c4b1f0b94f5e77650c8
  subpackages:
  - ssh/terminal
- name: golang.org/x/net
  version: cd69bc3fc700721b709c3a59e16e24c67b58f6ff
  subpackages:
  - context
- name: golang.org/x/sys
  version: dd2ff4accc098aceecb86b36eaa7829b2a17b1c9
  subpackages:
  - unix
  - windows
- name: google.golang.org/appengine
  version: a2e0dc829727a4f957a7428b1f322805cfc1f362
  subpackages:
  - datastore
  - internal
  - internal/app_identity
  - internal/base
  - internal/datastore
  - internal/log
  - internal/modules
  - internal/remote_api
- name: gopkg.in/yaml.v2
  version: d670f9405373e636a5a2765eea47fac0c9bc91a4
testImports:
- name: github.com/stretchr/testify
  version: 12b6f73e6084dad08a7c6e575284b177ecafbc71
  subpackages:
  - assert
